
Microsoft Visual Studio Solution File, Format Version 12.00
# Visual Studio Version 17
VisualStudioVersion = 17.14.36623.8 d17.14
MinimumVisualStudioVersion = 10.0.40219.1
Project("{FAE04EC0-301F-11D3-BF4B-00C04F79EFBC}") = "examen_reposicion", "examen_reposicion\examen_reposicion.csproj", "{A9475905-7B4B-4B40-82BD-8B7B84D5C903}"
EndProject
Global
	GlobalSection(SolutionConfigurationPlatforms) = preSolution
		Debug|Any CPU = Debug|Any CPU
		Release|Any CPU = Release|Any CPU
	EndGlobalSection
	GlobalSection(ProjectConfigurationPlatforms) = postSolution
		{A9475905-7B4B-4B40-82BD-8B7B84D5C903}.Debug|Any CPU.ActiveCfg = Debug|Any CPU
		{A9475905-7B4B-4B40-82BD-8B7B84D5C903}.Debug|Any CPU.Build.0 = Debug|Any CPU
		{A9475905-7B4B-4B40-82BD-8B7B84D5C903}.Release|Any CPU.ActiveCfg = Release|Any CPU
		{A9475905-7B4B-4B40-82BD-8B7B84D5C903}.Release|Any CPU.Build.0 = Release|Any CPU
	EndGlobalSection
	GlobalSection(SolutionProperties) = preSolution
		HideSolutionNode = FALSE
	EndGlobalSection
	GlobalSection(ExtensibilityGlobals) = postSolution
		SolutionGuid = {D43B5049-6D1C-4025-8E50-2816F033EF87}
	EndGlobalSection
EndGlobal
