
Microsoft Visual Studio Solution File, Format Version 12.00
# Visual Studio Version 17
VisualStudioVersion = 17.14.36518.9
MinimumVisualStudioVersion = 10.0.40219.1
Project("{FAE04EC0-301F-11D3-BF4B-00C04F79EFBC}") = "EcommerceFixed", "EcommerceFixed\EcommerceFixed.csproj", "{93A3E7B7-F48D-48BE-8BEC-76CEF9823D6D}"
EndProject
Global
	GlobalSection(SolutionConfigurationPlatforms) = preSolution
		Debug|Any CPU = Debug|Any CPU
		Release|Any CPU = Release|Any CPU
	EndGlobalSection
	GlobalSection(ProjectConfigurationPlatforms) = postSolution
		{93A3E7B7-F48D-48BE-8BEC-76CEF9823D6D}.Debug|Any CPU.ActiveCfg = Debug|Any CPU
		{93A3E7B7-F48D-48BE-8BEC-76CEF9823D6D}.Debug|Any CPU.Build.0 = Debug|Any CPU
		{93A3E7B7-F48D-48BE-8BEC-76CEF9823D6D}.Release|Any CPU.ActiveCfg = Release|Any CPU
		{93A3E7B7-F48D-48BE-8BEC-76CEF9823D6D}.Release|Any CPU.Build.0 = Release|Any CPU
	EndGlobalSection
	GlobalSection(SolutionProperties) = preSolution
		HideSolutionNode = FALSE
	EndGlobalSection
	GlobalSection(ExtensibilityGlobals) = postSolution
		SolutionGuid = {CB80ED21-07A3-4E4E-B499-D1CC2575FC09}
	EndGlobalSection
EndGlobal
